
Microsoft Visual Studio Solution File, Format Version 12.00
# Visual Studio Version 17
VisualStudioVersion = 17.1.32319.34
MinimumVisualStudioVersion = 10.0.40219.1
Project("{8BC9CEB8-8B4A-11D0-8D11-00A0C91BC942}") = "StaticSizeAllocator", "StaticSizeAllocator\StaticSizeAllocator.vcxproj", "{6A9E86D5-D161-47B1-A917-94BE291627DB}"
EndProject
Project("{8BC9CEB8-8B4A-11D0-8D11-00A0C91BC942}") = "TestConsole", "TestConsole\TestConsole.vcxproj", "{BE3A8359-E1EF-4153-90F0-D773B5DF0E0F}"
EndProject
Global
	GlobalSection(SolutionConfigurationPlatforms) = preSolution
		Debug|x64 = Debug|x64
		Debug|x86 = Debug|x86
		Release|x64 = Release|x64
		Release|x86 = Release|x86
	EndGlobalSection
	GlobalSection(ProjectConfigurationPlatforms) = postSolution
		{6A9E86D5-D161-47B1-A917-94BE291627DB}.Debug|x64.ActiveCfg = Debug|x64
		{6A9E86D5-D161-47B1-A917-94BE291627DB}.Debug|x64.Build.0 = Debug|x64
		{6A9E86D5-D161-47B1-A917-94BE291627DB}.Debug|x86.ActiveCfg = Debug|Win32
		{6A9E86D5-D161-47B1-A917-94BE291627DB}.Debug|x86.Build.0 = Debug|Win32
		{6A9E86D5-D161-47B1-A917-94BE291627DB}.Release|x64.ActiveCfg = Release|x64
		{6A9E86D5-D161-47B1-A917-94BE291627DB}.Release|x64.Build.0 = Release|x64
		{6A9E86D5-D161-47B1-A917-94BE291627DB}.Release|x86.ActiveCfg = Release|Win32
		{6A9E86D5-D161-47B1-A917-94BE291627DB}.Release|x86.Build.0 = Release|Win32
		{BE3A8359-E1EF-4153-90F0-D773B5DF0E0F}.Debug|x64.ActiveCfg = Debug|x64
		{BE3A8359-E1EF-4153-90F0-D773B5DF0E0F}.Debug|x64.Build.0 = Debug|x64
		{BE3A8359-E1EF-4153-90F0-D773B5DF0E0F}.Debug|x86.ActiveCfg = Debug|Win32
		{BE3A8359-E1EF-4153-90F0-D773B5DF0E0F}.Debug|x86.Build.0 = Debug|Win32
		{BE3A8359-E1EF-4153-90F0-D773B5DF0E0F}.Release|x64.ActiveCfg = Release|x64
		{BE3A8359-E1EF-4153-90F0-D773B5DF0E0F}.Release|x64.Build.0 = Release|x64
		{BE3A8359-E1EF-4153-90F0-D773B5DF0E0F}.Release|x86.ActiveCfg = Release|Win32
		{BE3A8359-E1EF-4153-90F0-D773B5DF0E0F}.Release|x86.Build.0 = Release|Win32
	EndGlobalSection
	GlobalSection(SolutionProperties) = preSolution
		HideSolutionNode = FALSE
	EndGlobalSection
	GlobalSection(ExtensibilityGlobals) = postSolution
		SolutionGuid = {7162308E-F904-41D5-81A2-8426D65D195B}
	EndGlobalSection
EndGlobal
